
Microsoft Visual Studio Solution File, Format Version 12.00
# Visual Studio 15
VisualStudioVersion = 15.0.27428.1
MinimumVisualStudioVersion = 10.0.40219.1
Project("{FAE04EC0-301F-11D3-BF4B-00C04F79EFBC}") = "Timber", "Timber\Timber.csproj", "{443546AA-0B2B-4DB8-882D-5577E0CD607B}"
EndProject
Global
	GlobalSection(SolutionConfigurationPlatforms) = preSolution
		Debug|Any CPU = Debug|Any CPU
		Release|Any CPU = Release|Any CPU
	EndGlobalSection
	GlobalSection(ProjectConfigurationPlatforms) = postSolution
		{443546AA-0B2B-4DB8-882D-5577E0CD607B}.Debug|Any CPU.ActiveCfg = Debug|Any CPU
		{443546AA-0B2B-4DB8-882D-5577E0CD607B}.Debug|Any CPU.Build.0 = Debug|Any CPU
		{443546AA-0B2B-4DB8-882D-5577E0CD607B}.Release|Any CPU.ActiveCfg = Release|Any CPU
		{443546AA-0B2B-4DB8-882D-5577E0CD607B}.Release|Any CPU.Build.0 = Release|Any CPU
	EndGlobalSection
	GlobalSection(SolutionProperties) = preSolution
		HideSolutionNode = FALSE
	EndGlobalSection
	GlobalSection(ExtensibilityGlobals) = postSolution
		SolutionGuid = {692338D2-76CC-4C60-B207-EEAB978A9D39}
	EndGlobalSection
EndGlobal
